# THIS IS AN AUTOGENERATED FILE. DO NOT EDIT THIS FILE DIRECTLY.
# yarn lockfile v1


cors-proxy@^1.0.3:
  version "1.0.3"
  resolved "https://registry.yarnpkg.com/cors-proxy/-/cors-proxy-1.0.3.tgz#b042757e730f8ff7c7413cce5fda1bc80e4c5899"
  dependencies:
    http-https "^1.0.0"

http-https@^1.0.0:
  version "1.0.0"
  resolved "https://registry.yarnpkg.com/http-https/-/http-https-1.0.0.tgz#2f908dd5f1db4068c058cd6e6d4ce392c913389b"
